
Microsoft Visual Studio Solution File, Format Version 12.00
# Visual Studio Version 16
VisualStudioVersion = 16.0.810.17
MinimumVisualStudioVersion = 10.0.40219.1
Project("{FAE04EC0-301F-11D3-BF4B-00C04F79EFBC}") = "API_Project_2.0", "API_Project_2.0\API_Project_2.0.csproj", "{1F8B63BF-ADD9-4CA2-8553-9E60FED12F5B}"
EndProject
Global
	GlobalSection(SolutionConfigurationPlatforms) = preSolution
		Debug|Any CPU = Debug|Any CPU
		Release|Any CPU = Release|Any CPU
	EndGlobalSection
	GlobalSection(ProjectConfigurationPlatforms) = postSolution
		{1F8B63BF-ADD9-4CA2-8553-9E60FED12F5B}.Debug|Any CPU.ActiveCfg = Debug|Any CPU
		{1F8B63BF-ADD9-4CA2-8553-9E60FED12F5B}.Debug|Any CPU.Build.0 = Debug|Any CPU
		{1F8B63BF-ADD9-4CA2-8553-9E60FED12F5B}.Release|Any CPU.ActiveCfg = Release|Any CPU
		{1F8B63BF-ADD9-4CA2-8553-9E60FED12F5B}.Release|Any CPU.Build.0 = Release|Any CPU
	EndGlobalSection
	GlobalSection(SolutionProperties) = preSolution
		HideSolutionNode = FALSE
	EndGlobalSection
	GlobalSection(ExtensibilityGlobals) = postSolution
		SolutionGuid = {85AD2846-A54A-4CD7-9C9E-396F3489BF74}
	EndGlobalSection
EndGlobal
